
Microsoft Visual Studio Solution File, Format Version 12.00
# Visual Studio Version 16
VisualStudioVersion = 16.0.31729.503
MinimumVisualStudioVersion = 10.0.40219.1
Project("{FAE04EC0-301F-11D3-BF4B-00C04F79EFBC}") = "exemploCurso", "exemploCurso\exemploCurso.csproj", "{2636E8DF-23E7-413E-BE0C-F179CA73E6F7}"
EndProject
Global
	GlobalSection(SolutionConfigurationPlatforms) = preSolution
		Debug|Any CPU = Debug|Any CPU
		Release|Any CPU = Release|Any CPU
	EndGlobalSection
	GlobalSection(ProjectConfigurationPlatforms) = postSolution
		{2636E8DF-23E7-413E-BE0C-F179CA73E6F7}.Debug|Any CPU.ActiveCfg = Debug|Any CPU
		{2636E8DF-23E7-413E-BE0C-F179CA73E6F7}.Debug|Any CPU.Build.0 = Debug|Any CPU
		{2636E8DF-23E7-413E-BE0C-F179CA73E6F7}.Release|Any CPU.ActiveCfg = Release|Any CPU
		{2636E8DF-23E7-413E-BE0C-F179CA73E6F7}.Release|Any CPU.Build.0 = Release|Any CPU
	EndGlobalSection
	GlobalSection(SolutionProperties) = preSolution
		HideSolutionNode = FALSE
	EndGlobalSection
	GlobalSection(ExtensibilityGlobals) = postSolution
		SolutionGuid = {5B2DD852-993E-420F-A520-4B86A774C1B2}
	EndGlobalSection
EndGlobal
